
Microsoft Visual Studio Solution File, Format Version 12.00
# Visual Studio Version 16
VisualStudioVersion = 16.0.30804.86
MinimumVisualStudioVersion = 10.0.40219.1
Project("{FAE04EC0-301F-11D3-BF4B-00C04F79EFBC}") = "Rankings", "Rankings.csproj", "{92918B80-7341-452A-8536-76FDE750AF2B}"
EndProject
Global
	GlobalSection(SolutionConfigurationPlatforms) = preSolution
		Debug|Any CPU = Debug|Any CPU
		Release|Any CPU = Release|Any CPU
	EndGlobalSection
	GlobalSection(ProjectConfigurationPlatforms) = postSolution
		{92918B80-7341-452A-8536-76FDE750AF2B}.Debug|Any CPU.ActiveCfg = Debug|Any CPU
		{92918B80-7341-452A-8536-76FDE750AF2B}.Debug|Any CPU.Build.0 = Debug|Any CPU
		{92918B80-7341-452A-8536-76FDE750AF2B}.Release|Any CPU.ActiveCfg = Release|Any CPU
		{92918B80-7341-452A-8536-76FDE750AF2B}.Release|Any CPU.Build.0 = Release|Any CPU
	EndGlobalSection
	GlobalSection(SolutionProperties) = preSolution
		HideSolutionNode = FALSE
	EndGlobalSection
	GlobalSection(ExtensibilityGlobals) = postSolution
		SolutionGuid = {A07CCE0A-A382-4457-B4BF-EE21D5A07D0F}
	EndGlobalSection
EndGlobal
